// !$*UTF8*$!
{
	archiveVersion = 1;
	classes = {
	};
	objectVersion = 56;
	objects = {

/* Begin PBXBuildFile section */
		CEB5772B2BB045C900A580C6 /* AppDelegate.swift in Sources */ = {isa = PBXBuildFile; fileRef = CEB5772A2BB045C900A580C6 /* AppDelegate.swift */; };
		CEB5772D2BB045C900A580C6 /* SceneDelegate.swift in Sources */ = {isa = PBXBuildFile; fileRef = CEB5772C2BB045C900A580C6 /* SceneDelegate.swift */; };
		CEB577342BB045CB00A580C6 /* Assets.xcassets in Resources */ = {isa = PBXBuildFile; fileRef = CEB577332BB045CB00A580C6 /* Assets.xcassets */; };
		CEB577372BB045CB00A580C6 /* Base in Resources */ = {isa = PBXBuildFile; fileRef = CEB577362BB045CB00A580C6 /* Base */; };
		CEB577422BB04E9300A580C6 /* CardAssembly.swift in Sources */ = {isa = PBXBuildFile; fileRef = CEB577412BB04E9300A580C6 /* CardAssembly.swift */; };
		CEB577442BB04EAC00A580C6 /* CardView.swift in Sources */ = {isa = PBXBuildFile; fileRef = CEB577432BB04EAC00A580C6 /* CardView.swift */; };
		CEB577462BB04EB500A580C6 /* CardPresenter.swift in Sources */ = {isa = PBXBuildFile; fileRef = CEB577452BB04EB500A580C6 /* CardPresenter.swift */; };
		CEB577482BB04EC200A580C6 /* CardModel.swift in Sources */ = {isa = PBXBuildFile; fileRef = CEB577472BB04EC200A580C6 /* CardModel.swift */; };
		CEB5774A2BB0580900A580C6 /* Protocols.swift in Sources */ = {isa = PBXBuildFile; fileRef = CEB577492BB0580900A580C6 /* Protocols.swift */; };
/* End PBXBuildFile section */

/* Begin PBXFileReference section */
		CEB577272BB045C900A580C6 /* weather.app */ = {isa = PBXFileReference; explicitFileType = wrapper.application; includeInIndex = 0; path = weather.app; sourceTree = BUILT_PRODUCTS_DIR; };
		CEB5772A2BB045C900A580C6 /* AppDelegate.swift */ = {isa = PBXFileReference; lastKnownFileType = sourcecode.swift; path = AppDelegate.swift; sourceTree = "<group>"; };
		CEB5772C2BB045C900A580C6 /* SceneDelegate.swift */ = {isa = PBXFileReference; lastKnownFileType = sourcecode.swift; path = SceneDelegate.swift; sourceTree = "<group>"; };
		CEB577332BB045CB00A580C6 /* Assets.xcassets */ = {isa = PBXFileReference; lastKnownFileType = folder.assetcatalog; path = Assets.xcassets; sourceTree = "<group>"; };
		CEB577362BB045CB00A580C6 /* Base */ = {isa = PBXFileReference; lastKnownFileType = file.storyboard; name = Base; path = Base.lproj/LaunchScreen.storyboard; sourceTree = "<group>"; };
		CEB577382BB045CB00A580C6 /* Info.plist */ = {isa = PBXFileReference; lastKnownFileType = text.plist.xml; path = Info.plist; sourceTree = "<group>"; };
		CEB577412BB04E9300A580C6 /* CardAssembly.swift */ = {isa = PBXFileReference; lastKnownFileType = sourcecode.swift; path = CardAssembly.swift; sourceTree = "<group>"; };
		CEB577432BB04EAC00A580C6 /* CardView.swift */ = {isa = PBXFileReference; lastKnownFileType = sourcecode.swift; path = CardView.swift; sourceTree = "<group>"; };
		CEB577452BB04EB500A580C6 /* CardPresenter.swift */ = {isa = PBXFileReference; lastKnownFileType = sourcecode.swift; path = CardPresenter.swift; sourceTree = "<group>"; };
		CEB577472BB04EC200A580C6 /* CardModel.swift */ = {isa = PBXFileReference; lastKnownFileType = sourcecode.swift; path = CardModel.swift; sourceTree = "<group>"; };
		CEB577492BB0580900A580C6 /* Protocols.swift */ = {isa = PBXFileReference; lastKnownFileType = sourcecode.swift; path = Protocols.swift; sourceTree = "<group>"; };
/* End PBXFileReference section */

/* Begin PBXFrameworksBuildPhase section */
		CEB577242BB045C900A580C6 /* Frameworks */ = {
			isa = PBXFrameworksBuildPhase;
			buildActionMask = 2147483647;
			files = (
			);
			runOnlyForDeploymentPostprocessing = 0;
		};
/* End PBXFrameworksBuildPhase section */

/* Begin PBXGroup section */
		CEB5771E2BB045C900A580C6 = {
			isa = PBXGroup;
			children = (
				CEB577292BB045C900A580C6 /* weather */,
				CEB577282BB045C900A580C6 /* Products */,
			);
			sourceTree = "<group>";
		};
		CEB577282BB045C900A580C6 /* Products */ = {
			isa = PBXGroup;
			children = (
				CEB577272BB045C900A580C6 /* weather.app */,
			);
			name = Products;
			sourceTree = "<group>";
		};
		CEB577292BB045C900A580C6 /* weather */ = {
			isa = PBXGroup;
			children = (
				CEB5773F2BB0461A00A580C6 /* Aplication */,
				CEB577402BB04DD700A580C6 /* Modules */,
				CEB5773E2BB045FE00A580C6 /* Helpers */,
				CEB577382BB045CB00A580C6 /* Info.plist */,
			);
			path = weather;
			sourceTree = "<group>";
		};
		CEB5773E2BB045FE00A580C6 /* Helpers */ = {
			isa = PBXGroup;
			children = (
				CEB577332BB045CB00A580C6 /* Assets.xcassets */,
				CEB577352BB045CB00A580C6 /* LaunchScreen.storyboard */,
			);
			path = Helpers;
			sourceTree = "<group>";
		};
		CEB5773F2BB0461A00A580C6 /* Aplication */ = {
			isa = PBXGroup;
			children = (
				CEB5772A2BB045C900A580C6 /* AppDelegate.swift */,
				CEB5772C2BB045C900A580C6 /* SceneDelegate.swift */,
			);
			path = Aplication;
			sourceTree = "<group>";
		};
		CEB577402BB04DD700A580C6 /* Modules */ = {
			isa = PBXGroup;
			children = (
				CEB5774F2BB05AD500A580C6 /* CardModule */,
			);
			path = Modules;
			sourceTree = "<group>";
		};
		CEB5774B2BB05AA200A580C6 /* Assemble */ = {
			isa = PBXGroup;
			children = (
				CEB577412BB04E9300A580C6 /* CardAssembly.swift */,
			);
			path = Assemble;
			sourceTree = "<group>";
		};
		CEB5774C2BB05AAC00A580C6 /* View */ = {
			isa = PBXGroup;
			children = (
				CEB577432BB04EAC00A580C6 /* CardView.swift */,
			);
			path = View;
			sourceTree = "<group>";
		};
		CEB5774D2BB05ABE00A580C6 /* Presenter */ = {
			isa = PBXGroup;
			children = (
				CEB577452BB04EB500A580C6 /* CardPresenter.swift */,
				CEB577492BB0580900A580C6 /* Protocols.swift */,
			);
			path = Presenter;
			sourceTree = "<group>";
		};
		CEB5774E2BB05AC800A580C6 /* Model */ = {
			isa = PBXGroup;
			children = (
				CEB577472BB04EC200A580C6 /* CardModel.swift */,
			);
			path = Model;
			sourceTree = "<group>";
		};
		CEB5774F2BB05AD500A580C6 /* CardModule */ = {
			isa = PBXGroup;
			children = (
				CEB5774B2BB05AA200A580C6 /* Assemble */,
				CEB5774C2BB05AAC00A580C6 /* View */,
				CEB5774D2BB05ABE00A580C6 /* Presenter */,
				CEB5774E2BB05AC800A580C6 /* Model */,
			);
			path = CardModule;
			sourceTree = "<group>";
		};
/* End PBXGroup section */

/* Begin PBXNativeTarget section */
		CEB577262BB045C900A580C6 /* weather */ = {
			isa = PBXNativeTarget;
			buildConfigurationList = CEB5773B2BB045CB00A580C6 /* Build configuration list for PBXNativeTarget "weather" */;
			buildPhases = (
				CEB577232BB045C900A580C6 /* Sources */,
				CEB577242BB045C900A580C6 /* Frameworks */,
				CEB577252BB045C900A580C6 /* Resources */,
			);
			buildRules = (
			);
			dependencies = (
			);
			name = weather;
			productName = weather;
			productReference = CEB577272BB045C900A580C6 /* weather.app */;
			productType = "com.apple.product-type.application";
		};
/* End PBXNativeTarget section */

/* Begin PBXProject section */
		CEB5771F2BB045C900A580C6 /* Project object */ = {
			isa = PBXProject;
			attributes = {
				BuildIndependentTargetsInParallel = 1;
				LastSwiftUpdateCheck = 1530;
				LastUpgradeCheck = 1530;
				TargetAttributes = {
					CEB577262BB045C900A580C6 = {
						CreatedOnToolsVersion = 15.3;
					};
				};
			};
			buildConfigurationList = CEB577222BB045C900A580C6 /* Build configuration list for PBXProject "weather" */;
			compatibilityVersion = "Xcode 14.0";
			developmentRegion = en;
			hasScannedForEncodings = 0;
			knownRegions = (
				en,
				Base,
			);
			mainGroup = CEB5771E2BB045C900A580C6;
			productRefGroup = CEB577282BB045C900A580C6 /* Products */;
			projectDirPath = "";
			projectRoot = "";
			targets = (
				CEB577262BB045C900A580C6 /* weather */,
			);
		};
/* End PBXProject section */

/* Begin PBXResourcesBuildPhase section */
		CEB577252BB045C900A580C6 /* Resources */ = {
			isa = PBXResourcesBuildPhase;
			buildActionMask = 2147483647;
			files = (
				CEB577342BB045CB00A580C6 /* Assets.xcassets in Resources */,
				CEB577372BB045CB00A580C6 /* Base in Resources */,
			);
			runOnlyForDeploymentPostprocessing = 0;
		};
/* End PBXResourcesBuildPhase section */

/* Begin PBXSourcesBuildPhase section */
		CEB577232BB045C900A580C6 /* Sources */ = {
			isa = PBXSourcesBuildPhase;
			buildActionMask = 2147483647;
			files = (
				CEB5772B2BB045C900A580C6 /* AppDelegate.swift in Sources */,
				CEB5772D2BB045C900A580C6 /* SceneDelegate.swift in Sources */,
				CEB5774A2BB0580900A580C6 /* Protocols.swift in Sources */,
				CEB577442BB04EAC00A580C6 /* CardView.swift in Sources */,
				CEB577422BB04E9300A580C6 /* CardAssembly.swift in Sources */,
				CEB577462BB04EB500A580C6 /* CardPresenter.swift in Sources */,
				CEB577482BB04EC200A580C6 /* CardModel.swift in Sources */,
			);
			runOnlyForDeploymentPostprocessing = 0;
		};
/* End PBXSourcesBuildPhase section */

/* Begin PBXVariantGroup section */
		CEB577352BB045CB00A580C6 /* LaunchScreen.storyboard */ = {
			isa = PBXVariantGroup;
			children = (
				CEB577362BB045CB00A580C6 /* Base */,
			);
			name = LaunchScreen.storyboard;
			sourceTree = "<group>";
		};
/* End PBXVariantGroup section */

/* Begin XCBuildConfiguration section */
		CEB577392BB045CB00A580C6 /* Debug */ = {
			isa = XCBuildConfiguration;
			buildSettings = {
				ALWAYS_SEARCH_USER_PATHS = NO;
				ASSETCATALOG_COMPILER_GENERATE_SWIFT_ASSET_SYMBOL_EXTENSIONS = YES;
				CLANG_ANALYZER_NONNULL = YES;
				CLANG_ANALYZER_NUMBER_OBJECT_CONVERSION = YES_AGGRESSIVE;
				CLANG_CXX_LANGUAGE_STANDARD = "gnu++20";
				CLANG_ENABLE_MODULES = YES;
				CLANG_ENABLE_OBJC_ARC = YES;
				CLANG_ENABLE_OBJC_WEAK = YES;
				CLANG_WARN_BLOCK_CAPTURE_AUTORELEASING = YES;
				CLANG_WARN_BOOL_CONVERSION = YES;
				CLANG_WARN_COMMA = YES;
				CLANG_WARN_CONSTANT_CONVERSION = YES;
				CLANG_WARN_DEPRECATED_OBJC_IMPLEMENTATIONS = YES;
				CLANG_WARN_DIRECT_OBJC_ISA_USAGE = YES_ERROR;
				CLANG_WARN_DOCUMENTATION_COMMENTS = YES;
				CLANG_WARN_EMPTY_BODY = YES;
				CLANG_WARN_ENUM_CONVERSION = YES;
				CLANG_WARN_INFINITE_RECURSION = YES;
				CLANG_WARN_INT_CONVERSION = YES;
				CLANG_WARN_NON_LITERAL_NULL_CONVERSION = YES;
				CLANG_WARN_OBJC_IMPLICIT_RETAIN_SELF = YES;
				CLANG_WARN_OBJC_LITERAL_CONVERSION = YES;
				CLANG_WARN_OBJC_ROOT_CLASS = YES_ERROR;
				CLANG_WARN_QUOTED_INCLUDE_IN_FRAMEWORK_HEADER = YES;
				CLANG_WARN_RANGE_LOOP_ANALYSIS = YES;
				CLANG_WARN_STRICT_PROTOTYPES = YES;
				CLANG_WARN_SUSPICIOUS_MOVE = YES;
				CLANG_WARN_UNGUARDED_AVAILABILITY = YES_AGGRESSIVE;
				CLANG_WARN_UNREACHABLE_CODE = YES;
				CLANG_WARN__DUPLICATE_METHOD_MATCH = YES;
				COPY_PHASE_STRIP = NO;
				DEBUG_INFORMATION_FORMAT = dwarf;
				ENABLE_STRICT_OBJC_MSGSEND = YES;
				ENABLE_TESTABILITY = YES;
				ENABLE_USER_SCRIPT_SANDBOXING = YES;
				GCC_C_LANGUAGE_STANDARD = gnu17;
				GCC_DYNAMIC_NO_PIC = NO;
				GCC_NO_COMMON_BLOCKS = YES;
				GCC_OPTIMIZATION_LEVEL = 0;
				GCC_PREPROCESSOR_DEFINITIONS = (
					"DEBUG=1",
					"$(inherited)",
				);
				GCC_WARN_64_TO_32_BIT_CONVERSION = YES;
				GCC_WARN_ABOUT_RETURN_TYPE = YES_ERROR;
				GCC_WARN_UNDECLARED_SELECTOR = YES;
				GCC_WARN_UNINITIALIZED_AUTOS = YES_AGGRESSIVE;
				GCC_WARN_UNUSED_FUNCTION = YES;
				GCC_WARN_UNUSED_VARIABLE = YES;
				IPHONEOS_DEPLOYMENT_TARGET = 17.4;
				LOCALIZATION_PREFERS_STRING_CATALOGS = YES;
				MTL_ENABLE_DEBUG_INFO = INCLUDE_SOURCE;
				MTL_FAST_MATH = YES;
				ONLY_ACTIVE_ARCH = YES;
				SDKROOT = iphoneos;
				SWIFT_ACTIVE_COMPILATION_CONDITIONS = "DEBUG $(inherited)";
				SWIFT_OPTIMIZATION_LEVEL = "-Onone";
			};
			name = Debug;
		};
		CEB5773A2BB045CB00A580C6 /* Release */ = {
			isa = XCBuildConfiguration;
			buildSettings = {
				ALWAYS_SEARCH_USER_PATHS = NO;
				ASSETCATALOG_COMPILER_GENERATE_SWIFT_ASSET_SYMBOL_EXTENSIONS = YES;
				CLANG_ANALYZER_NONNULL = YES;
				CLANG_ANALYZER_NUMBER_OBJECT_CONVERSION = YES_AGGRESSIVE;
				CLANG_CXX_LANGUAGE_STANDARD = "gnu++20";
				CLANG_ENABLE_MODULES = YES;
				CLANG_ENABLE_OBJC_ARC = YES;
				CLANG_ENABLE_OBJC_WEAK = YES;
				CLANG_WARN_BLOCK_CAPTURE_AUTORELEASING = YES;
				CLANG_WARN_BOOL_CONVERSION = YES;
				CLANG_WARN_COMMA = YES;
				CLANG_WARN_CONSTANT_CONVERSION = YES;
				CLANG_WARN_DEPRECATED_OBJC_IMPLEMENTATIONS = YES;
				CLANG_WARN_DIRECT_OBJC_ISA_USAGE = YES_ERROR;
				CLANG_WARN_DOCUMENTATION_COMMENTS = YES;
				CLANG_WARN_EMPTY_BODY = YES;
				CLANG_WARN_ENUM_CONVERSION = YES;
				CLANG_WARN_INFINITE_RECURSION = YES;
				CLANG_WARN_INT_CONVERSION = YES;
				CLANG_WARN_NON_LITERAL_NULL_CONVERSION = YES;
				CLANG_WARN_OBJC_IMPLICIT_RETAIN_SELF = YES;
				CLANG_WARN_OBJC_LITERAL_CONVERSION = YES;
				CLANG_WARN_OBJC_ROOT_CLASS = YES_ERROR;
				CLANG_WARN_QUOTED_INCLUDE_IN_FRAMEWORK_HEADER = YES;
				CLANG_WARN_RANGE_LOOP_ANALYSIS = YES;
				CLANG_WARN_STRICT_PROTOTYPES = YES;
				CLANG_WARN_SUSPICIOUS_MOVE = YES;
				CLANG_WARN_UNGUARDED_AVAILABILITY = YES_AGGRESSIVE;
				CLANG_WARN_UNREACHABLE_CODE = YES;
				CLANG_WARN__DUPLICATE_METHOD_MATCH = YES;
				COPY_PHASE_STRIP = NO;
				DEBUG_INFORMATION_FORMAT = "dwarf-with-dsym";
				ENABLE_NS_ASSERTIONS = NO;
				ENABLE_STRICT_OBJC_MSGSEND = YES;
				ENABLE_USER_SCRIPT_SANDBOXING = YES;
				GCC_C_LANGUAGE_STANDARD = gnu17;
				GCC_NO_COMMON_BLOCKS = YES;
				GCC_WARN_64_TO_32_BIT_CONVERSION = YES;
				GCC_WARN_ABOUT_RETURN_TYPE = YES_ERROR;
				GCC_WARN_UNDECLARED_SELECTOR = YES;
				GCC_WARN_UNINITIALIZED_AUTOS = YES_AGGRESSIVE;
				GCC_WARN_UNUSED_FUNCTION = YES;
				GCC_WARN_UNUSED_VARIABLE = YES;
				IPHONEOS_DEPLOYMENT_TARGET = 17.4;
				LOCALIZATION_PREFERS_STRING_CATALOGS = YES;
				MTL_ENABLE_DEBUG_INFO = NO;
				MTL_FAST_MATH = YES;
				SDKROOT = iphoneos;
				SWIFT_COMPILATION_MODE = wholemodule;
				VALIDATE_PRODUCT = YES;
			};
			name = Release;
		};
		CEB5773C2BB045CB00A580C6 /* Debug */ = {
			isa = XCBuildConfiguration;
			buildSettings = {
				ASSETCATALOG_COMPILER_APPICON_NAME = AppIcon;
				ASSETCATALOG_COMPILER_GLOBAL_ACCENT_COLOR_NAME = AccentColor;
				CODE_SIGN_STYLE = Automatic;
				CURRENT_PROJECT_VERSION = 1;
				DEVELOPMENT_TEAM = AJ8B22PL56;
				GENERATE_INFOPLIST_FILE = YES;
				INFOPLIST_FILE = weather/Info.plist;
				INFOPLIST_KEY_NSLocationWhenInUseUsageDescription = "Нам нужен доступ к вашей геолокации, чтобы предоставлять актуальную информацию о погоде в вашем регионе.";
				INFOPLIST_KEY_UIApplicationSupportsIndirectInputEvents = YES;
				INFOPLIST_KEY_UILaunchStoryboardName = LaunchScreen;
				INFOPLIST_KEY_UISupportedInterfaceOrientations = UIInterfaceOrientationPortrait;
				INFOPLIST_KEY_UISupportedInterfaceOrientations_iPad = "UIInterfaceOrientationLandscapeLeft UIInterfaceOrientationLandscapeRight UIInterfaceOrientationPortrait UIInterfaceOrientationPortraitUpsideDown";
				LD_RUNPATH_SEARCH_PATHS = (
					"$(inherited)",
					"@executable_path/Frameworks",
				);
				MARKETING_VERSION = 1.0;
				PRODUCT_BUNDLE_IDENTIFIER = vk.weather;
				PRODUCT_NAME = "$(TARGET_NAME)";
				SUPPORTED_PLATFORMS = "iphoneos iphonesimulator";
				SUPPORTS_MACCATALYST = NO;
				SUPPORTS_MAC_DESIGNED_FOR_IPHONE_IPAD = NO;
				SUPPORTS_XR_DESIGNED_FOR_IPHONE_IPAD = NO;
				SWIFT_EMIT_LOC_STRINGS = YES;
				SWIFT_VERSION = 5.0;
				TARGETED_DEVICE_FAMILY = 1;
			};
			name = Debug;
		};
		CEB5773D2BB045CB00A580C6 /* Release */ = {
			isa = XCBuildConfiguration;
			buildSettings = {
				ASSETCATALOG_COMPILER_APPICON_NAME = AppIcon;
				ASSETCATALOG_COMPILER_GLOBAL_ACCENT_COLOR_NAME = AccentColor;
				CODE_SIGN_STYLE = Automatic;
				CURRENT_PROJECT_VERSION = 1;
				DEVELOPMENT_TEAM = AJ8B22PL56;
				GENERATE_INFOPLIST_FILE = YES;
				INFOPLIST_FILE = weather/Info.plist;
				INFOPLIST_KEY_NSLocationWhenInUseUsageDescription = "Нам нужен доступ к вашей геолокации, чтобы предоставлять актуальную информацию о погоде в вашем регионе.";
				INFOPLIST_KEY_UIApplicationSupportsIndirectInputEvents = YES;
				INFOPLIST_KEY_UILaunchStoryboardName = LaunchScreen;
				INFOPLIST_KEY_UISupportedInterfaceOrientations = UIInterfaceOrientationPortrait;
				INFOPLIST_KEY_UISupportedInterfaceOrientations_iPad = "UIInterfaceOrientationLandscapeLeft UIInterfaceOrientationLandscapeRight UIInterfaceOrientationPortrait UIInterfaceOrientationPortraitUpsideDown";
				LD_RUNPATH_SEARCH_PATHS = (
					"$(inherited)",
					"@executable_path/Frameworks",
				);
				MARKETING_VERSION = 1.0;
				PRODUCT_BUNDLE_IDENTIFIER = vk.weather;
				PRODUCT_NAME = "$(TARGET_NAME)";
				SUPPORTED_PLATFORMS = "iphoneos iphonesimulator";
				SUPPORTS_MACCATALYST = NO;
				SUPPORTS_MAC_DESIGNED_FOR_IPHONE_IPAD = NO;
				SUPPORTS_XR_DESIGNED_FOR_IPHONE_IPAD = NO;
				SWIFT_EMIT_LOC_STRINGS = YES;
				SWIFT_VERSION = 5.0;
				TARGETED_DEVICE_FAMILY = 1;
			};
			name = Release;
		};
/* End XCBuildConfiguration section */

/* Begin XCConfigurationList section */
		CEB577222BB045C900A580C6 /* Build configuration list for PBXProject "weather" */ = {
			isa = XCConfigurationList;
			buildConfigurations = (
				CEB577392BB045CB00A580C6 /* Debug */,
				CEB5773A2BB045CB00A580C6 /* Release */,
			);
			defaultConfigurationIsVisible = 0;
			defaultConfigurationName = Release;
		};
		CEB5773B2BB045CB00A580C6 /* Build configuration list for PBXNativeTarget "weather" */ = {
			isa = XCConfigurationList;
			buildConfigurations = (
				CEB5773C2BB045CB00A580C6 /* Debug */,
				CEB5773D2BB045CB00A580C6 /* Release */,
			);
			defaultConfigurationIsVisible = 0;
			defaultConfigurationName = Release;
		};
/* End XCConfigurationList section */
	};
	rootObject = CEB5771F2BB045C900A580C6 /* Project object */;
}
